
Microsoft Visual Studio Solution File, Format Version 12.00
# Visual Studio Version 17
VisualStudioVersion = 17.8.34525.116
MinimumVisualStudioVersion = 10.0.40219.1
Project("{FAE04EC0-301F-11D3-BF4B-00C04F79EFBC}") = "T_Plus.ThermalProgram", "T_Plus.ThermalProgram\T_Plus.ThermalProgram.csproj", "{61AAF848-1065-4D05-8E35-0CF549FE5C81}"
EndProject
Project("{FAE04EC0-301F-11D3-BF4B-00C04F79EFBC}") = "T_Plus.RepairCostProgram", "T_Plus.RepairCostProgram\T_Plus.RepairCostProgram.csproj", "{6547C7EF-F31D-428B-A79D-B67B2B5CDD52}"
	ProjectSection(ProjectDependencies) = postProject
		{61AAF848-1065-4D05-8E35-0CF549FE5C81} = {61AAF848-1065-4D05-8E35-0CF549FE5C81}
	EndProjectSection
EndProject
Global
	GlobalSection(SolutionConfigurationPlatforms) = preSolution
		Debug|Any CPU = Debug|Any CPU
		Release|Any CPU = Release|Any CPU
	EndGlobalSection
	GlobalSection(ProjectConfigurationPlatforms) = postSolution
		{61AAF848-1065-4D05-8E35-0CF549FE5C81}.Debug|Any CPU.ActiveCfg = Debug|Any CPU
		{61AAF848-1065-4D05-8E35-0CF549FE5C81}.Debug|Any CPU.Build.0 = Debug|Any CPU
		{61AAF848-1065-4D05-8E35-0CF549FE5C81}.Release|Any CPU.ActiveCfg = Release|Any CPU
		{61AAF848-1065-4D05-8E35-0CF549FE5C81}.Release|Any CPU.Build.0 = Release|Any CPU
		{6547C7EF-F31D-428B-A79D-B67B2B5CDD52}.Debug|Any CPU.ActiveCfg = Debug|Any CPU
		{6547C7EF-F31D-428B-A79D-B67B2B5CDD52}.Debug|Any CPU.Build.0 = Debug|Any CPU
		{6547C7EF-F31D-428B-A79D-B67B2B5CDD52}.Release|Any CPU.ActiveCfg = Release|Any CPU
		{6547C7EF-F31D-428B-A79D-B67B2B5CDD52}.Release|Any CPU.Build.0 = Release|Any CPU
	EndGlobalSection
	GlobalSection(SolutionProperties) = preSolution
		HideSolutionNode = FALSE
	EndGlobalSection
	GlobalSection(ExtensibilityGlobals) = postSolution
		SolutionGuid = {F9AC96DA-ECCE-469E-8D77-2B6C74914905}
	EndGlobalSection
EndGlobal
